{
  "originHash" : "3674923353722c0f70b093b64789cd36cb3dd5fbadd728439f2a8abbec70a157",
  "pins" : [
    {
      "identity" : "keyboardkit",
      "kind" : "remoteSourceControl",
      "location" : "https://github.com/gdetari/KeyboardKit",
      "state" : {
        "branch" : "master",
        "revision" : "3a1833f392c961b36bad46cc151841b66d71fbec"
      }
    },
    {
      "identity" : "symspellswift",
      "kind" : "remoteSourceControl",
      "location" : "https://github.com/gdetari/SymSpellSwift",
      "state" : {
        "branch" : "main",
        "revision" : "3d7fbb93153dd53439cd5eb38281c7ee22da900b"
      }
    }
  ],
  "version" : 3
}
