{
  "originHash" : "3674923353722c0f70b093b64789cd36cb3dd5fbadd728439f2a8abbec70a157",
  "pins" : [
    {
      "identity" : "keyboardkit",
      "kind" : "remoteSourceControl",
      "location" : "https://github.com/gdetari/KeyboardKit",
      "state" : {
        "branch" : "master",
        "revision" : "1e39575d4d1878c30b87e77bf844e4d2dd20a920"
      }
    },
    {
      "identity" : "symspellswift",
      "kind" : "remoteSourceControl",
      "location" : "https://github.com/gdetari/SymSpellSwift",
      "state" : {
        "branch" : "main",
        "revision" : "78ed22cb75f4de515e7d130c3567678fb24a7059"
      }
    }
  ],
  "version" : 3
}
